
Microsoft Visual Studio Solution File, Format Version 12.00
# Visual Studio Version 17
VisualStudioVersion = 17.2.32505.173
MinimumVisualStudioVersion = 10.0.40219.1
Project("{9A19103F-16F7-4668-BE54-9A1E7A4F7556}") = "retangulo", "AV_Final\retangulo.csproj", "{1ADAB53F-EBDB-42A8-B519-E5B7931CF297}"
EndProject
Project("{9A19103F-16F7-4668-BE54-9A1E7A4F7556}") = "leitura_funcionario", "leitura_funcionario\leitura_funcionario.csproj", "{A2A790FB-C6A5-4492-94A9-7A1967513E56}"
EndProject
Project("{9A19103F-16F7-4668-BE54-9A1E7A4F7556}") = "notas_alunos", "notas_alunos\notas_alunos.csproj", "{79824A8F-B863-475B-A2B0-C03117C0097F}"
EndProject
Project("{FAE04EC0-301F-11D3-BF4B-00C04F79EFBC}") = "quarto_aluguel", "quarto_aluguel\quarto_aluguel.csproj", "{2E6CA45B-D45E-41C8-991D-09D36A3C4584}"
EndProject
Global
	GlobalSection(SolutionConfigurationPlatforms) = preSolution
		Debug|Any CPU = Debug|Any CPU
		Release|Any CPU = Release|Any CPU
	EndGlobalSection
	GlobalSection(ProjectConfigurationPlatforms) = postSolution
		{1ADAB53F-EBDB-42A8-B519-E5B7931CF297}.Debug|Any CPU.ActiveCfg = Debug|Any CPU
		{1ADAB53F-EBDB-42A8-B519-E5B7931CF297}.Debug|Any CPU.Build.0 = Debug|Any CPU
		{1ADAB53F-EBDB-42A8-B519-E5B7931CF297}.Release|Any CPU.ActiveCfg = Release|Any CPU
		{1ADAB53F-EBDB-42A8-B519-E5B7931CF297}.Release|Any CPU.Build.0 = Release|Any CPU
		{A2A790FB-C6A5-4492-94A9-7A1967513E56}.Debug|Any CPU.ActiveCfg = Debug|Any CPU
		{A2A790FB-C6A5-4492-94A9-7A1967513E56}.Debug|Any CPU.Build.0 = Debug|Any CPU
		{A2A790FB-C6A5-4492-94A9-7A1967513E56}.Release|Any CPU.ActiveCfg = Release|Any CPU
		{A2A790FB-C6A5-4492-94A9-7A1967513E56}.Release|Any CPU.Build.0 = Release|Any CPU
		{79824A8F-B863-475B-A2B0-C03117C0097F}.Debug|Any CPU.ActiveCfg = Debug|Any CPU
		{79824A8F-B863-475B-A2B0-C03117C0097F}.Debug|Any CPU.Build.0 = Debug|Any CPU
		{79824A8F-B863-475B-A2B0-C03117C0097F}.Release|Any CPU.ActiveCfg = Release|Any CPU
		{79824A8F-B863-475B-A2B0-C03117C0097F}.Release|Any CPU.Build.0 = Release|Any CPU
		{2E6CA45B-D45E-41C8-991D-09D36A3C4584}.Debug|Any CPU.ActiveCfg = Debug|Any CPU
		{2E6CA45B-D45E-41C8-991D-09D36A3C4584}.Debug|Any CPU.Build.0 = Debug|Any CPU
		{2E6CA45B-D45E-41C8-991D-09D36A3C4584}.Release|Any CPU.ActiveCfg = Release|Any CPU
		{2E6CA45B-D45E-41C8-991D-09D36A3C4584}.Release|Any CPU.Build.0 = Release|Any CPU
	EndGlobalSection
	GlobalSection(SolutionProperties) = preSolution
		HideSolutionNode = FALSE
	EndGlobalSection
	GlobalSection(ExtensibilityGlobals) = postSolution
		SolutionGuid = {BA2F4CC5-8655-4003-9AA2-95A1691E3958}
	EndGlobalSection
EndGlobal
